
Microsoft Visual Studio Solution File, Format Version 12.00
# Visual Studio Version 17
VisualStudioVersion = 17.5.33516.290
MinimumVisualStudioVersion = 10.0.40219.1
Project("{9A19103F-16F7-4668-BE54-9A1E7A4F7556}") = "AIdentities.UI", "src\AIdentities.UI\AIdentities.UI.csproj", "{B930CD36-B678-49CE-97B4-3FEBA80C4FB5}"
EndProject
Project("{2150E333-8FDC-42A3-9474-1A3956D46DE8}") = "Solution Items", "Solution Items", "{30D43C74-72D9-44CB-AD7C-CBBA5AD89062}"
	ProjectSection(SolutionItems) = preProject
		.editorconfig = .editorconfig
		src\.filenesting.json = src\.filenesting.json
		.gitignore = .gitignore
		.config\dotnet-tools.json = .config\dotnet-tools.json
		README.md = README.md
	EndProjectSection
EndProject
Project("{9A19103F-16F7-4668-BE54-9A1E7A4F7556}") = "AIdentities.Shared", "src\AIdentities.Shared\AIdentities.Shared.csproj", "{D2D49CCB-D6CB-4221-9AE7-A00B5D3A4910}"
EndProject
Project("{2150E333-8FDC-42A3-9474-1A3956D46DE8}") = "Tests", "Tests", "{3B5F4E8B-3A44-41A2-9B78-4C5385555837}"
EndProject
Project("{2150E333-8FDC-42A3-9474-1A3956D46DE8}") = "Plugins", "Plugins", "{396E75FB-E2A2-428F-8DD1-CF3642A7C8EB}"
	ProjectSection(SolutionItems) = preProject
		src\Plugins\Directory.Build.props = src\Plugins\Directory.Build.props
		src\Plugins\Directory.Build.targets = src\Plugins\Directory.Build.targets
	EndProjectSection
EndProject
Project("{9A19103F-16F7-4668-BE54-9A1E7A4F7556}") = "AIdentities.Chat", "src\Plugins\AIdentities.Chat\AIdentities.Chat.csproj", "{7D8629E8-B28E-4F67-8363-5EE5C3DCA1AE}"
EndProject
Project("{E53339B2-1760-4266-BCC7-CA923CBCF16C}") = "docker-compose", "docker-compose.dcproj", "{943093B5-4BA6-4AAE-997D-4D3A42B96C21}"
EndProject
Project("{9A19103F-16F7-4668-BE54-9A1E7A4F7556}") = "AIdentities.BooruAIdentityImporter", "src\Plugins\AIdentities.BooruAIdentityImporter\AIdentities.BooruAIdentityImporter.csproj", "{6D0CD8AB-3971-49DD-BB89-D85ABBC429F8}"
EndProject
Project("{2150E333-8FDC-42A3-9474-1A3956D46DE8}") = "Chat", "Chat", "{8568F82D-1C21-4549-A4E9-E90525FC069F}"
EndProject
Project("{9A19103F-16F7-4668-BE54-9A1E7A4F7556}") = "AIdentities.Test", "src\Tests\AIdentities.Test\AIdentities.Test.csproj", "{90BDAC9D-6923-4AC4-B335-51A8CED94AD9}"
EndProject
Project("{9A19103F-16F7-4668-BE54-9A1E7A4F7556}") = "AIdentities.SharedTests", "src\Tests\AIdentities.SharedTests\AIdentities.SharedTests.csproj", "{819B04A8-C1AF-4640-B7F2-29B192F1E1FB}"
EndProject
Project("{9A19103F-16F7-4668-BE54-9A1E7A4F7556}") = "AIdentities.PluginBuilder", "src\AIdentities.PluginBuilder\AIdentities.PluginBuilder.csproj", "{0B32E3CA-2CA0-499B-9D3D-3B02A086105D}"
EndProject
Project("{2150E333-8FDC-42A3-9474-1A3956D46DE8}") = "Deploy", "Deploy", "{743425F7-DAC9-4BA4-A040-8EAA0E0BD65E}"
	ProjectSection(SolutionItems) = preProject
		deploy\build-linux.bat = deploy\build-linux.bat
		deploy\build-win.bat = deploy\build-win.bat
	EndProjectSection
EndProject
Project("{2150E333-8FDC-42A3-9474-1A3956D46DE8}") = "BrainButler", "BrainButler", "{7DA9A28F-97DF-428A-8037-F6F70E4783B9}"
EndProject
Project("{9A19103F-16F7-4668-BE54-9A1E7A4F7556}") = "AIdentities.BrainButler", "src\Plugins\AIdentities.BrainButler\AIdentities.BrainButler.csproj", "{1878DF73-9049-40BC-94F2-D40FCBCDC50D}"
EndProject
Project("{2150E333-8FDC-42A3-9474-1A3956D46DE8}") = "Connectors", "Connectors", "{7614D485-300B-4D1F-B9F8-70D0B753F7BC}"
EndProject
Project("{9A19103F-16F7-4668-BE54-9A1E7A4F7556}") = "AIdentities.Connector.OpenAI", "src\Plugins\Connectors\AIdentities.Connector.OpenAI\AIdentities.Connector.OpenAI.csproj", "{BC5201DD-4DEF-4197-8EF6-0B7FF5D799A3}"
EndProject
Project("{9A19103F-16F7-4668-BE54-9A1E7A4F7556}") = "AIdentities.Connector.TextGeneration", "src\Plugins\Connectors\AIdentities.Connector.TextGeneration\AIdentities.Connector.TextGeneration.csproj", "{FFA4A83A-D2FA-407E-A1E2-282000792616}"
EndProject
Project("{FAE04EC0-301F-11D3-BF4B-00C04F79EFBC}") = "AIdentities.Connector.TTS.ElevenLabs", "src\Plugins\Connectors\AIdentities.Connector.TTS.ElevenLabs\AIdentities.Connector.TTS.ElevenLabs.csproj", "{04BD3053-6ECD-49F9-BB5A-CA4AE19FEA05}"
EndProject
Global
	GlobalSection(SolutionConfigurationPlatforms) = preSolution
		Debug|Any CPU = Debug|Any CPU
		Release|Any CPU = Release|Any CPU
	EndGlobalSection
	GlobalSection(ProjectConfigurationPlatforms) = postSolution
		{B930CD36-B678-49CE-97B4-3FEBA80C4FB5}.Debug|Any CPU.ActiveCfg = Debug|Any CPU
		{B930CD36-B678-49CE-97B4-3FEBA80C4FB5}.Debug|Any CPU.Build.0 = Debug|Any CPU
		{B930CD36-B678-49CE-97B4-3FEBA80C4FB5}.Release|Any CPU.ActiveCfg = Release|Any CPU
		{B930CD36-B678-49CE-97B4-3FEBA80C4FB5}.Release|Any CPU.Build.0 = Release|Any CPU
		{D2D49CCB-D6CB-4221-9AE7-A00B5D3A4910}.Debug|Any CPU.ActiveCfg = Debug|Any CPU
		{D2D49CCB-D6CB-4221-9AE7-A00B5D3A4910}.Debug|Any CPU.Build.0 = Debug|Any CPU
		{D2D49CCB-D6CB-4221-9AE7-A00B5D3A4910}.Release|Any CPU.ActiveCfg = Release|Any CPU
		{D2D49CCB-D6CB-4221-9AE7-A00B5D3A4910}.Release|Any CPU.Build.0 = Release|Any CPU
		{7D8629E8-B28E-4F67-8363-5EE5C3DCA1AE}.Debug|Any CPU.ActiveCfg = Debug|Any CPU
		{7D8629E8-B28E-4F67-8363-5EE5C3DCA1AE}.Debug|Any CPU.Build.0 = Debug|Any CPU
		{7D8629E8-B28E-4F67-8363-5EE5C3DCA1AE}.Release|Any CPU.ActiveCfg = Release|Any CPU
		{7D8629E8-B28E-4F67-8363-5EE5C3DCA1AE}.Release|Any CPU.Build.0 = Release|Any CPU
		{943093B5-4BA6-4AAE-997D-4D3A42B96C21}.Debug|Any CPU.ActiveCfg = Debug|Any CPU
		{943093B5-4BA6-4AAE-997D-4D3A42B96C21}.Debug|Any CPU.Build.0 = Debug|Any CPU
		{943093B5-4BA6-4AAE-997D-4D3A42B96C21}.Release|Any CPU.ActiveCfg = Release|Any CPU
		{943093B5-4BA6-4AAE-997D-4D3A42B96C21}.Release|Any CPU.Build.0 = Release|Any CPU
		{6D0CD8AB-3971-49DD-BB89-D85ABBC429F8}.Debug|Any CPU.ActiveCfg = Debug|Any CPU
		{6D0CD8AB-3971-49DD-BB89-D85ABBC429F8}.Debug|Any CPU.Build.0 = Debug|Any CPU
		{6D0CD8AB-3971-49DD-BB89-D85ABBC429F8}.Release|Any CPU.ActiveCfg = Release|Any CPU
		{6D0CD8AB-3971-49DD-BB89-D85ABBC429F8}.Release|Any CPU.Build.0 = Release|Any CPU
		{90BDAC9D-6923-4AC4-B335-51A8CED94AD9}.Debug|Any CPU.ActiveCfg = Debug|Any CPU
		{90BDAC9D-6923-4AC4-B335-51A8CED94AD9}.Debug|Any CPU.Build.0 = Debug|Any CPU
		{90BDAC9D-6923-4AC4-B335-51A8CED94AD9}.Release|Any CPU.ActiveCfg = Release|Any CPU
		{90BDAC9D-6923-4AC4-B335-51A8CED94AD9}.Release|Any CPU.Build.0 = Release|Any CPU
		{819B04A8-C1AF-4640-B7F2-29B192F1E1FB}.Debug|Any CPU.ActiveCfg = Debug|Any CPU
		{819B04A8-C1AF-4640-B7F2-29B192F1E1FB}.Debug|Any CPU.Build.0 = Debug|Any CPU
		{819B04A8-C1AF-4640-B7F2-29B192F1E1FB}.Release|Any CPU.ActiveCfg = Release|Any CPU
		{819B04A8-C1AF-4640-B7F2-29B192F1E1FB}.Release|Any CPU.Build.0 = Release|Any CPU
		{0B32E3CA-2CA0-499B-9D3D-3B02A086105D}.Debug|Any CPU.ActiveCfg = Debug|Any CPU
		{0B32E3CA-2CA0-499B-9D3D-3B02A086105D}.Debug|Any CPU.Build.0 = Debug|Any CPU
		{0B32E3CA-2CA0-499B-9D3D-3B02A086105D}.Release|Any CPU.ActiveCfg = Release|Any CPU
		{0B32E3CA-2CA0-499B-9D3D-3B02A086105D}.Release|Any CPU.Build.0 = Release|Any CPU
		{1878DF73-9049-40BC-94F2-D40FCBCDC50D}.Debug|Any CPU.ActiveCfg = Debug|Any CPU
		{1878DF73-9049-40BC-94F2-D40FCBCDC50D}.Debug|Any CPU.Build.0 = Debug|Any CPU
		{1878DF73-9049-40BC-94F2-D40FCBCDC50D}.Release|Any CPU.ActiveCfg = Release|Any CPU
		{1878DF73-9049-40BC-94F2-D40FCBCDC50D}.Release|Any CPU.Build.0 = Release|Any CPU
		{BC5201DD-4DEF-4197-8EF6-0B7FF5D799A3}.Debug|Any CPU.ActiveCfg = Debug|Any CPU
		{BC5201DD-4DEF-4197-8EF6-0B7FF5D799A3}.Debug|Any CPU.Build.0 = Debug|Any CPU
		{BC5201DD-4DEF-4197-8EF6-0B7FF5D799A3}.Release|Any CPU.ActiveCfg = Release|Any CPU
		{BC5201DD-4DEF-4197-8EF6-0B7FF5D799A3}.Release|Any CPU.Build.0 = Release|Any CPU
		{FFA4A83A-D2FA-407E-A1E2-282000792616}.Debug|Any CPU.ActiveCfg = Debug|Any CPU
		{FFA4A83A-D2FA-407E-A1E2-282000792616}.Debug|Any CPU.Build.0 = Debug|Any CPU
		{FFA4A83A-D2FA-407E-A1E2-282000792616}.Release|Any CPU.ActiveCfg = Release|Any CPU
		{FFA4A83A-D2FA-407E-A1E2-282000792616}.Release|Any CPU.Build.0 = Release|Any CPU
		{04BD3053-6ECD-49F9-BB5A-CA4AE19FEA05}.Debug|Any CPU.ActiveCfg = Debug|Any CPU
		{04BD3053-6ECD-49F9-BB5A-CA4AE19FEA05}.Debug|Any CPU.Build.0 = Debug|Any CPU
		{04BD3053-6ECD-49F9-BB5A-CA4AE19FEA05}.Release|Any CPU.ActiveCfg = Release|Any CPU
		{04BD3053-6ECD-49F9-BB5A-CA4AE19FEA05}.Release|Any CPU.Build.0 = Release|Any CPU
	EndGlobalSection
	GlobalSection(SolutionProperties) = preSolution
		HideSolutionNode = FALSE
	EndGlobalSection
	GlobalSection(NestedProjects) = preSolution
		{7D8629E8-B28E-4F67-8363-5EE5C3DCA1AE} = {8568F82D-1C21-4549-A4E9-E90525FC069F}
		{6D0CD8AB-3971-49DD-BB89-D85ABBC429F8} = {8568F82D-1C21-4549-A4E9-E90525FC069F}
		{8568F82D-1C21-4549-A4E9-E90525FC069F} = {396E75FB-E2A2-428F-8DD1-CF3642A7C8EB}
		{90BDAC9D-6923-4AC4-B335-51A8CED94AD9} = {3B5F4E8B-3A44-41A2-9B78-4C5385555837}
		{819B04A8-C1AF-4640-B7F2-29B192F1E1FB} = {3B5F4E8B-3A44-41A2-9B78-4C5385555837}
		{0B32E3CA-2CA0-499B-9D3D-3B02A086105D} = {396E75FB-E2A2-428F-8DD1-CF3642A7C8EB}
		{743425F7-DAC9-4BA4-A040-8EAA0E0BD65E} = {30D43C74-72D9-44CB-AD7C-CBBA5AD89062}
		{7DA9A28F-97DF-428A-8037-F6F70E4783B9} = {396E75FB-E2A2-428F-8DD1-CF3642A7C8EB}
		{1878DF73-9049-40BC-94F2-D40FCBCDC50D} = {7DA9A28F-97DF-428A-8037-F6F70E4783B9}
		{7614D485-300B-4D1F-B9F8-70D0B753F7BC} = {396E75FB-E2A2-428F-8DD1-CF3642A7C8EB}
		{BC5201DD-4DEF-4197-8EF6-0B7FF5D799A3} = {7614D485-300B-4D1F-B9F8-70D0B753F7BC}
		{FFA4A83A-D2FA-407E-A1E2-282000792616} = {7614D485-300B-4D1F-B9F8-70D0B753F7BC}
		{04BD3053-6ECD-49F9-BB5A-CA4AE19FEA05} = {7614D485-300B-4D1F-B9F8-70D0B753F7BC}
	EndGlobalSection
	GlobalSection(ExtensibilityGlobals) = postSolution
		SolutionGuid = {5D13AC76-EB81-47F7-ADBA-CEA6CB4D97FF}
	EndGlobalSection
EndGlobal
