{
   "name": "AIdentities.UI.Components.Mentions",
   "lockfileVersion": 2,
   "requires": true,
   "packages": {
      "": {
         "devDependencies": {
            "@types/node": "^18.0.0",
            "typescript": "^5.0.4"
         }
      },
      "node_modules/@types/node": {
         "version": "18.16.12",
         "resolved": "https://registry.npmjs.org/@types/node/-/node-18.16.12.tgz",
         "integrity": "sha512-tIRrjbY9C277MOfP8M3zjMIhtMlUJ6YVqkGgLjz+74jVsdf4/UjC6Hku4+1N0BS0qyC0JAS6tJLUk9H6JUKviQ==",
         "dev": true
      },
      "node_modules/typescript": {
         "version": "5.0.4",
         "resolved": "https://registry.npmjs.org/typescript/-/typescript-5.0.4.tgz",
         "integrity": "sha512-cW9T5W9xY37cc+jfEnaUvX91foxtHkza3Nw3wkoF4sSlKn0MONdkdEndig/qPBWXNkmplh3NzayQzCiHM4/hqw==",
         "dev": true,
         "bin": {
            "tsc": "bin/tsc",
            "tsserver": "bin/tsserver"
         },
         "engines": {
            "node": ">=12.20"
         }
      }
   },
   "dependencies": {
      "@types/node": {
         "version": "18.16.12",
         "resolved": "https://registry.npmjs.org/@types/node/-/node-18.16.12.tgz",
         "integrity": "sha512-tIRrjbY9C277MOfP8M3zjMIhtMlUJ6YVqkGgLjz+74jVsdf4/UjC6Hku4+1N0BS0qyC0JAS6tJLUk9H6JUKviQ==",
         "dev": true
      },
      "typescript": {
         "version": "5.0.4",
         "resolved": "https://registry.npmjs.org/typescript/-/typescript-5.0.4.tgz",
         "integrity": "sha512-cW9T5W9xY37cc+jfEnaUvX91foxtHkza3Nw3wkoF4sSlKn0MONdkdEndig/qPBWXNkmplh3NzayQzCiHM4/hqw==",
         "dev": true
      }
   }
}
